// !$*UTF8*$!
{
	archiveVersion = 1;
	classes = {
	};
	objectVersion = 46;
	objects = {

/* Begin PBXBuildFile section */
		7EC68EF21EE29D3A0078E6B8 /* main.m in Sources */ = {isa = PBXBuildFile; fileRef = 7EC68EF11EE29D3A0078E6B8 /* main.m */; };
		7EC68EF51EE29D3A0078E6B8 /* AppDelegate.m in Sources */ = {isa = PBXBuildFile; fileRef = 7EC68EF41EE29D3A0078E6B8 /* AppDelegate.m */; };
		7EC68EF81EE29D3A0078E6B8 /* ViewController.m in Sources */ = {isa = PBXBuildFile; fileRef = 7EC68EF71EE29D3A0078E6B8 /* ViewController.m */; };
		7EC68EFB1EE29D3A0078E6B8 /* Main.storyboard in Resources */ = {isa = PBXBuildFile; fileRef = 7EC68EF91EE29D3A0078E6B8 /* Main.storyboard */; };
		7EC68EFD1EE29D3A0078E6B8 /* Assets.xcassets in Resources */ = {isa = PBXBuildFile; fileRef = 7EC68EFC1EE29D3A0078E6B8 /* Assets.xcassets */; };
		7EC68F001EE29D3A0078E6B8 /* LaunchScreen.storyboard in Resources */ = {isa = PBXBuildFile; fileRef = 7EC68EFE1EE29D3A0078E6B8 /* LaunchScreen.storyboard */; };
		7EC68F0B1EE29D3B0078E6B8 /* NSOperationTests.m in Sources */ = {isa = PBXBuildFile; fileRef = 7EC68F0A1EE29D3B0078E6B8 /* NSOperationTests.m */; };
/* End PBXBuildFile section */

/* Begin PBXContainerItemProxy section */
		7EC68F071EE29D3A0078E6B8 /* PBXContainerItemProxy */ = {
			isa = PBXContainerItemProxy;
			containerPortal = 7EC68EE51EE29D390078E6B8 /* Project object */;
			proxyType = 1;
			remoteGlobalIDString = 7EC68EEC1EE29D390078E6B8;
			remoteInfo = NSOperation;
		};
/* End PBXContainerItemProxy section */

/* Begin PBXFileReference section */
		7EC68EED1EE29D3A0078E6B8 /* NSOperation.app */ = {isa = PBXFileReference; explicitFileType = wrapper.application; includeInIndex = 0; path = NSOperation.app; sourceTree = BUILT_PRODUCTS_DIR; };
		7EC68EF11EE29D3A0078E6B8 /* main.m */ = {isa = PBXFileReference; lastKnownFileType = sourcecode.c.objc; path = main.m; sourceTree = "<group>"; };
		7EC68EF31EE29D3A0078E6B8 /* AppDelegate.h */ = {isa = PBXFileReference; lastKnownFileType = sourcecode.c.h; path = AppDelegate.h; sourceTree = "<group>"; };
		7EC68EF41EE29D3A0078E6B8 /* AppDelegate.m */ = {isa = PBXFileReference; lastKnownFileType = sourcecode.c.objc; path = AppDelegate.m; sourceTree = "<group>"; };
		7EC68EF61EE29D3A0078E6B8 /* ViewController.h */ = {isa = PBXFileReference; lastKnownFileType = sourcecode.c.h; path = ViewController.h; sourceTree = "<group>"; };
		7EC68EF71EE29D3A0078E6B8 /* ViewController.m */ = {isa = PBXFileReference; lastKnownFileType = sourcecode.c.objc; path = ViewController.m; sourceTree = "<group>"; };
		7EC68EFA1EE29D3A0078E6B8 /* Base */ = {isa = PBXFileReference; lastKnownFileType = file.storyboard; name = Base; path = Base.lproj/Main.storyboard; sourceTree = "<group>"; };
		7EC68EFC1EE29D3A0078E6B8 /* Assets.xcassets */ = {isa = PBXFileReference; lastKnownFileType = folder.assetcatalog; path = Assets.xcassets; sourceTree = "<group>"; };
		7EC68EFF1EE29D3A0078E6B8 /* Base */ = {isa = PBXFileReference; lastKnownFileType = file.storyboard; name = Base; path = Base.lproj/LaunchScreen.storyboard; sourceTree = "<group>"; };
		7EC68F011EE29D3A0078E6B8 /* Info.plist */ = {isa = PBXFileReference; lastKnownFileType = text.plist.xml; path = Info.plist; sourceTree = "<group>"; };
		7EC68F061EE29D3A0078E6B8 /* NSOperationTests.xctest */ = {isa = PBXFileReference; explicitFileType = wrapper.cfbundle; includeInIndex = 0; path = NSOperationTests.xctest; sourceTree = BUILT_PRODUCTS_DIR; };
		7EC68F0A1EE29D3B0078E6B8 /* NSOperationTests.m */ = {isa = PBXFileReference; lastKnownFileType = sourcecode.c.objc; path = NSOperationTests.m; sourceTree = "<group>"; };
		7EC68F0C1EE29D3B0078E6B8 /* Info.plist */ = {isa = PBXFileReference; lastKnownFileType = text.plist.xml; path = Info.plist; sourceTree = "<group>"; };
/* End PBXFileReference section */

/* Begin PBXFrameworksBuildPhase section */
		7EC68EEA1EE29D390078E6B8 /* Frameworks */ = {
			isa = PBXFrameworksBuildPhase;
			buildActionMask = 2147483647;
			files = (
			);
			runOnlyForDeploymentPostprocessing = 0;
		};
		7EC68F031EE29D3A0078E6B8 /* Frameworks */ = {
			isa = PBXFrameworksBuildPhase;
			buildActionMask = 2147483647;
			files = (
			);
			runOnlyForDeploymentPostprocessing = 0;
		};
/* End PBXFrameworksBuildPhase section */

/* Begin PBXGroup section */
		7EC68EE41EE29D390078E6B8 = {
			isa = PBXGroup;
			children = (
				7EC68EEF1EE29D3A0078E6B8 /* NSOperation */,
				7EC68F091EE29D3A0078E6B8 /* NSOperationTests */,
				7EC68EEE1EE29D3A0078E6B8 /* Products */,
			);
			sourceTree = "<group>";
		};
		7EC68EEE1EE29D3A0078E6B8 /* Products */ = {
			isa = PBXGroup;
			children = (
				7EC68EED1EE29D3A0078E6B8 /* NSOperation.app */,
				7EC68F061EE29D3A0078E6B8 /* NSOperationTests.xctest */,
			);
			name = Products;
			sourceTree = "<group>";
		};
		7EC68EEF1EE29D3A0078E6B8 /* NSOperation */ = {
			isa = PBXGroup;
			children = (
				7EC68EF31EE29D3A0078E6B8 /* AppDelegate.h */,
				7EC68EF41EE29D3A0078E6B8 /* AppDelegate.m */,
				7EC68EF61EE29D3A0078E6B8 /* ViewController.h */,
				7EC68EF71EE29D3A0078E6B8 /* ViewController.m */,
				7EC68EF91EE29D3A0078E6B8 /* Main.storyboard */,
				7EC68EFC1EE29D3A0078E6B8 /* Assets.xcassets */,
				7EC68EFE1EE29D3A0078E6B8 /* LaunchScreen.storyboard */,
				7EC68F011EE29D3A0078E6B8 /* Info.plist */,
				7EC68EF01EE29D3A0078E6B8 /* Supporting Files */,
			);
			path = NSOperation;
			sourceTree = "<group>";
		};
		7EC68EF01EE29D3A0078E6B8 /* Supporting Files */ = {
			isa = PBXGroup;
			children = (
				7EC68EF11EE29D3A0078E6B8 /* main.m */,
			);
			name = "Supporting Files";
			sourceTree = "<group>";
		};
		7EC68F091EE29D3A0078E6B8 /* NSOperationTests */ = {
			isa = PBXGroup;
			children = (
				7EC68F0A1EE29D3B0078E6B8 /* NSOperationTests.m */,
				7EC68F0C1EE29D3B0078E6B8 /* Info.plist */,
			);
			path = NSOperationTests;
			sourceTree = "<group>";
		};
/* End PBXGroup section */

/* Begin PBXNativeTarget section */
		7EC68EEC1EE29D390078E6B8 /* NSOperation */ = {
			isa = PBXNativeTarget;
			buildConfigurationList = 7EC68F0F1EE29D3B0078E6B8 /* Build configuration list for PBXNativeTarget "NSOperation" */;
			buildPhases = (
				7EC68EE91EE29D390078E6B8 /* Sources */,
				7EC68EEA1EE29D390078E6B8 /* Frameworks */,
				7EC68EEB1EE29D390078E6B8 /* Resources */,
			);
			buildRules = (
			);
			dependencies = (
			);
			name = NSOperation;
			productName = NSOperation;
			productReference = 7EC68EED1EE29D3A0078E6B8 /* NSOperation.app */;
			productType = "com.apple.product-type.application";
		};
		7EC68F051EE29D3A0078E6B8 /* NSOperationTests */ = {
			isa = PBXNativeTarget;
			buildConfigurationList = 7EC68F121EE29D3B0078E6B8 /* Build configuration list for PBXNativeTarget "NSOperationTests" */;
			buildPhases = (
				7EC68F021EE29D3A0078E6B8 /* Sources */,
				7EC68F031EE29D3A0078E6B8 /* Frameworks */,
				7EC68F041EE29D3A0078E6B8 /* Resources */,
			);
			buildRules = (
			);
			dependencies = (
				7EC68F081EE29D3A0078E6B8 /* PBXTargetDependency */,
			);
			name = NSOperationTests;
			productName = NSOperationTests;
			productReference = 7EC68F061EE29D3A0078E6B8 /* NSOperationTests.xctest */;
			productType = "com.apple.product-type.bundle.unit-test";
		};
/* End PBXNativeTarget section */

/* Begin PBXProject section */
		7EC68EE51EE29D390078E6B8 /* Project object */ = {
			isa = PBXProject;
			attributes = {
				LastUpgradeCheck = 0800;
				ORGANIZATIONNAME = huangjian;
				TargetAttributes = {
					7EC68EEC1EE29D390078E6B8 = {
						CreatedOnToolsVersion = 8.0;
						ProvisioningStyle = Automatic;
					};
					7EC68F051EE29D3A0078E6B8 = {
						CreatedOnToolsVersion = 8.0;
						ProvisioningStyle = Automatic;
						TestTargetID = 7EC68EEC1EE29D390078E6B8;
					};
				};
			};
			buildConfigurationList = 7EC68EE81EE29D390078E6B8 /* Build configuration list for PBXProject "NSOperation" */;
			compatibilityVersion = "Xcode 3.2";
			developmentRegion = English;
			hasScannedForEncodings = 0;
			knownRegions = (
				en,
				Base,
			);
			mainGroup = 7EC68EE41EE29D390078E6B8;
			productRefGroup = 7EC68EEE1EE29D3A0078E6B8 /* Products */;
			projectDirPath = "";
			projectRoot = "";
			targets = (
				7EC68EEC1EE29D390078E6B8 /* NSOperation */,
				7EC68F051EE29D3A0078E6B8 /* NSOperationTests */,
			);
		};
/* End PBXProject section */

/* Begin PBXResourcesBuildPhase section */
		7EC68EEB1EE29D390078E6B8 /* Resources */ = {
			isa = PBXResourcesBuildPhase;
			buildActionMask = 2147483647;
			files = (
				7EC68F001EE29D3A0078E6B8 /* LaunchScreen.storyboard in Resources */,
				7EC68EFD1EE29D3A0078E6B8 /* Assets.xcassets in Resources */,
				7EC68EFB1EE29D3A0078E6B8 /* Main.storyboard in Resources */,
			);
			runOnlyForDeploymentPostprocessing = 0;
		};
		7EC68F041EE29D3A0078E6B8 /* Resources */ = {
			isa = PBXResourcesBuildPhase;
			buildActionMask = 2147483647;
			files = (
			);
			runOnlyForDeploymentPostprocessing = 0;
		};
/* End PBXResourcesBuildPhase section */

/* Begin PBXSourcesBuildPhase section */
		7EC68EE91EE29D390078E6B8 /* Sources */ = {
			isa = PBXSourcesBuildPhase;
			buildActionMask = 2147483647;
			files = (
				7EC68EF81EE29D3A0078E6B8 /* ViewController.m in Sources */,
				7EC68EF51EE29D3A0078E6B8 /* AppDelegate.m in Sources */,
				7EC68EF21EE29D3A0078E6B8 /* main.m in Sources */,
			);
			runOnlyForDeploymentPostprocessing = 0;
		};
		7EC68F021EE29D3A0078E6B8 /* Sources */ = {
			isa = PBXSourcesBuildPhase;
			buildActionMask = 2147483647;
			files = (
				7EC68F0B1EE29D3B0078E6B8 /* NSOperationTests.m in Sources */,
			);
			runOnlyForDeploymentPostprocessing = 0;
		};
/* End PBXSourcesBuildPhase section */

/* Begin PBXTargetDependency section */
		7EC68F081EE29D3A0078E6B8 /* PBXTargetDependency */ = {
			isa = PBXTargetDependency;
			target = 7EC68EEC1EE29D390078E6B8 /* NSOperation */;
			targetProxy = 7EC68F071EE29D3A0078E6B8 /* PBXContainerItemProxy */;
		};
/* End PBXTargetDependency section */

/* Begin PBXVariantGroup section */
		7EC68EF91EE29D3A0078E6B8 /* Main.storyboard */ = {
			isa = PBXVariantGroup;
			children = (
				7EC68EFA1EE29D3A0078E6B8 /* Base */,
			);
			name = Main.storyboard;
			sourceTree = "<group>";
		};
		7EC68EFE1EE29D3A0078E6B8 /* LaunchScreen.storyboard */ = {
			isa = PBXVariantGroup;
			children = (
				7EC68EFF1EE29D3A0078E6B8 /* Base */,
			);
			name = LaunchScreen.storyboard;
			sourceTree = "<group>";
		};
/* End PBXVariantGroup section */

/* Begin XCBuildConfiguration section */
		7EC68F0D1EE29D3B0078E6B8 /* Debug */ = {
			isa = XCBuildConfiguration;
			buildSettings = {
				ALWAYS_SEARCH_USER_PATHS = NO;
				CLANG_ANALYZER_NONNULL = YES;
				CLANG_CXX_LANGUAGE_STANDARD = "gnu++0x";
				CLANG_CXX_LIBRARY = "libc++";
				CLANG_ENABLE_MODULES = YES;
				CLANG_ENABLE_OBJC_ARC = YES;
				CLANG_WARN_BOOL_CONVERSION = YES;
				CLANG_WARN_CONSTANT_CONVERSION = YES;
				CLANG_WARN_DIRECT_OBJC_ISA_USAGE = YES_ERROR;
				CLANG_WARN_DOCUMENTATION_COMMENTS = YES;
				CLANG_WARN_EMPTY_BODY = YES;
				CLANG_WARN_ENUM_CONVERSION = YES;
				CLANG_WARN_INT_CONVERSION = YES;
				CLANG_WARN_OBJC_ROOT_CLASS = YES_ERROR;
				CLANG_WARN_UNREACHABLE_CODE = YES;
				CLANG_WARN__DUPLICATE_METHOD_MATCH = YES;
				"CODE_SIGN_IDENTITY[sdk=iphoneos*]" = "iPhone Developer";
				COPY_PHASE_STRIP = NO;
				DEBUG_INFORMATION_FORMAT = dwarf;
				ENABLE_STRICT_OBJC_MSGSEND = YES;
				ENABLE_TESTABILITY = YES;
				GCC_C_LANGUAGE_STANDARD = gnu99;
				GCC_DYNAMIC_NO_PIC = NO;
				GCC_NO_COMMON_BLOCKS = YES;
				GCC_OPTIMIZATION_LEVEL = 0;
				GCC_PREPROCESSOR_DEFINITIONS = (
					"DEBUG=1",
					"$(inherited)",
				);
				GCC_WARN_64_TO_32_BIT_CONVERSION = YES;
				GCC_WARN_ABOUT_RETURN_TYPE = YES_ERROR;
				GCC_WARN_UNDECLARED_SELECTOR = YES;
				GCC_WARN_UNINITIALIZED_AUTOS = YES_AGGRESSIVE;
				GCC_WARN_UNUSED_FUNCTION = YES;
				GCC_WARN_UNUSED_VARIABLE = YES;
				IPHONEOS_DEPLOYMENT_TARGET = 10.0;
				MTL_ENABLE_DEBUG_INFO = YES;
				ONLY_ACTIVE_ARCH = YES;
				SDKROOT = iphoneos;
			};
			name = Debug;
		};
		7EC68F0E1EE29D3B0078E6B8 /* Release */ = {
			isa = XCBuildConfiguration;
			buildSettings = {
				ALWAYS_SEARCH_USER_PATHS = NO;
				CLANG_ANALYZER_NONNULL = YES;
				CLANG_CXX_LANGUAGE_STANDARD = "gnu++0x";
				CLANG_CXX_LIBRARY = "libc++";
				CLANG_ENABLE_MODULES = YES;
				CLANG_ENABLE_OBJC_ARC = YES;
				CLANG_WARN_BOOL_CONVERSION = YES;
				CLANG_WARN_CONSTANT_CONVERSION = YES;
				CLANG_WARN_DIRECT_OBJC_ISA_USAGE = YES_ERROR;
				CLANG_WARN_DOCUMENTATION_COMMENTS = YES;
				CLANG_WARN_EMPTY_BODY = YES;
				CLANG_WARN_ENUM_CONVERSION = YES;
				CLANG_WARN_INT_CONVERSION = YES;
				CLANG_WARN_OBJC_ROOT_CLASS = YES_ERROR;
				CLANG_WARN_UNREACHABLE_CODE = YES;
				CLANG_WARN__DUPLICATE_METHOD_MATCH = YES;
				"CODE_SIGN_IDENTITY[sdk=iphoneos*]" = "iPhone Developer";
				COPY_PHASE_STRIP = NO;
				DEBUG_INFORMATION_FORMAT = "dwarf-with-dsym";
				ENABLE_NS_ASSERTIONS = NO;
				ENABLE_STRICT_OBJC_MSGSEND = YES;
				GCC_C_LANGUAGE_STANDARD = gnu99;
				GCC_NO_COMMON_BLOCKS = YES;
				GCC_WARN_64_TO_32_BIT_CONVERSION = YES;
				GCC_WARN_ABOUT_RETURN_TYPE = YES_ERROR;
				GCC_WARN_UNDECLARED_SELECTOR = YES;
				GCC_WARN_UNINITIALIZED_AUTOS = YES_AGGRESSIVE;
				GCC_WARN_UNUSED_FUNCTION = YES;
				GCC_WARN_UNUSED_VARIABLE = YES;
				IPHONEOS_DEPLOYMENT_TARGET = 10.0;
				MTL_ENABLE_DEBUG_INFO = NO;
				SDKROOT = iphoneos;
				VALIDATE_PRODUCT = YES;
			};
			name = Release;
		};
		7EC68F101EE29D3B0078E6B8 /* Debug */ = {
			isa = XCBuildConfiguration;
			buildSettings = {
				ASSETCATALOG_COMPILER_APPICON_NAME = AppIcon;
				INFOPLIST_FILE = NSOperation/Info.plist;
				LD_RUNPATH_SEARCH_PATHS = "$(inherited) @executable_path/Frameworks";
				PRODUCT_BUNDLE_IDENTIFIER = com.hj.NSOperation;
				PRODUCT_NAME = "$(TARGET_NAME)";
			};
			name = Debug;
		};
		7EC68F111EE29D3B0078E6B8 /* Release */ = {
			isa = XCBuildConfiguration;
			buildSettings = {
				ASSETCATALOG_COMPILER_APPICON_NAME = AppIcon;
				INFOPLIST_FILE = NSOperation/Info.plist;
				LD_RUNPATH_SEARCH_PATHS = "$(inherited) @executable_path/Frameworks";
				PRODUCT_BUNDLE_IDENTIFIER = com.hj.NSOperation;
				PRODUCT_NAME = "$(TARGET_NAME)";
			};
			name = Release;
		};
		7EC68F131EE29D3B0078E6B8 /* Debug */ = {
			isa = XCBuildConfiguration;
			buildSettings = {
				BUNDLE_LOADER = "$(TEST_HOST)";
				INFOPLIST_FILE = NSOperationTests/Info.plist;
				LD_RUNPATH_SEARCH_PATHS = "$(inherited) @executable_path/Frameworks @loader_path/Frameworks";
				PRODUCT_BUNDLE_IDENTIFIER = com.hj.NSOperationTests;
				PRODUCT_NAME = "$(TARGET_NAME)";
				TEST_HOST = "$(BUILT_PRODUCTS_DIR)/NSOperation.app/NSOperation";
			};
			name = Debug;
		};
		7EC68F141EE29D3B0078E6B8 /* Release */ = {
			isa = XCBuildConfiguration;
			buildSettings = {
				BUNDLE_LOADER = "$(TEST_HOST)";
				INFOPLIST_FILE = NSOperationTests/Info.plist;
				LD_RUNPATH_SEARCH_PATHS = "$(inherited) @executable_path/Frameworks @loader_path/Frameworks";
				PRODUCT_BUNDLE_IDENTIFIER = com.hj.NSOperationTests;
				PRODUCT_NAME = "$(TARGET_NAME)";
				TEST_HOST = "$(BUILT_PRODUCTS_DIR)/NSOperation.app/NSOperation";
			};
			name = Release;
		};
/* End XCBuildConfiguration section */

/* Begin XCConfigurationList section */
		7EC68EE81EE29D390078E6B8 /* Build configuration list for PBXProject "NSOperation" */ = {
			isa = XCConfigurationList;
			buildConfigurations = (
				7EC68F0D1EE29D3B0078E6B8 /* Debug */,
				7EC68F0E1EE29D3B0078E6B8 /* Release */,
			);
			defaultConfigurationIsVisible = 0;
			defaultConfigurationName = Release;
		};
		7EC68F0F1EE29D3B0078E6B8 /* Build configuration list for PBXNativeTarget "NSOperation" */ = {
			isa = XCConfigurationList;
			buildConfigurations = (
				7EC68F101EE29D3B0078E6B8 /* Debug */,
				7EC68F111EE29D3B0078E6B8 /* Release */,
			);
			defaultConfigurationIsVisible = 0;
		};
		7EC68F121EE29D3B0078E6B8 /* Build configuration list for PBXNativeTarget "NSOperationTests" */ = {
			isa = XCConfigurationList;
			buildConfigurations = (
				7EC68F131EE29D3B0078E6B8 /* Debug */,
				7EC68F141EE29D3B0078E6B8 /* Release */,
			);
			defaultConfigurationIsVisible = 0;
		};
/* End XCConfigurationList section */
	};
	rootObject = 7EC68EE51EE29D390078E6B8 /* Project object */;
}
